
Microsoft Visual Studio Solution File, Format Version 12.00
# Visual Studio 15
VisualStudioVersion = 15.0.28307.136
MinimumVisualStudioVersion = 10.0.40219.1
Project("{FAE04EC0-301F-11D3-BF4B-00C04F79EFBC}") = "MemoApp", "MemoApp\MemoApp.csproj", "{C593D27C-9A05-4503-82C3-465AE8515196}"
EndProject
Project("{FAE04EC0-301F-11D3-BF4B-00C04F79EFBC}") = "MemoApp.Model", "MemoApp.Model\MemoApp.Model.csproj", "{0061A837-7FC6-47C9-BFBD-0DA6BE26BB55}"
EndProject
Project("{FAE04EC0-301F-11D3-BF4B-00C04F79EFBC}") = "MemoApp.Migrations.Start", "MemoApp.Migrations.Start\MemoApp.Migrations.Start.csproj", "{63991618-8837-4AC0-8190-54E371271F0A}"
EndProject
Global
	GlobalSection(SolutionConfigurationPlatforms) = preSolution
		Debug|Any CPU = Debug|Any CPU
		Debug|ARM = Debug|ARM
		Debug|ARM64 = Debug|ARM64
		Debug|x64 = Debug|x64
		Debug|x86 = Debug|x86
		Release|Any CPU = Release|Any CPU
		Release|ARM = Release|ARM
		Release|ARM64 = Release|ARM64
		Release|x64 = Release|x64
		Release|x86 = Release|x86
	EndGlobalSection
	GlobalSection(ProjectConfigurationPlatforms) = postSolution
		{C593D27C-9A05-4503-82C3-465AE8515196}.Debug|Any CPU.ActiveCfg = Debug|x86
		{C593D27C-9A05-4503-82C3-465AE8515196}.Debug|Any CPU.Build.0 = Debug|x86
		{C593D27C-9A05-4503-82C3-465AE8515196}.Debug|Any CPU.Deploy.0 = Debug|x86
		{C593D27C-9A05-4503-82C3-465AE8515196}.Debug|ARM.ActiveCfg = Debug|ARM
		{C593D27C-9A05-4503-82C3-465AE8515196}.Debug|ARM.Build.0 = Debug|ARM
		{C593D27C-9A05-4503-82C3-465AE8515196}.Debug|ARM.Deploy.0 = Debug|ARM
		{C593D27C-9A05-4503-82C3-465AE8515196}.Debug|ARM64.ActiveCfg = Debug|ARM64
		{C593D27C-9A05-4503-82C3-465AE8515196}.Debug|ARM64.Build.0 = Debug|ARM64
		{C593D27C-9A05-4503-82C3-465AE8515196}.Debug|ARM64.Deploy.0 = Debug|ARM64
		{C593D27C-9A05-4503-82C3-465AE8515196}.Debug|x64.ActiveCfg = Debug|x64
		{C593D27C-9A05-4503-82C3-465AE8515196}.Debug|x64.Build.0 = Debug|x64
		{C593D27C-9A05-4503-82C3-465AE8515196}.Debug|x64.Deploy.0 = Debug|x64
		{C593D27C-9A05-4503-82C3-465AE8515196}.Debug|x86.ActiveCfg = Debug|x86
		{C593D27C-9A05-4503-82C3-465AE8515196}.Debug|x86.Build.0 = Debug|x86
		{C593D27C-9A05-4503-82C3-465AE8515196}.Debug|x86.Deploy.0 = Debug|x86
		{C593D27C-9A05-4503-82C3-465AE8515196}.Release|Any CPU.ActiveCfg = Release|x86
		{C593D27C-9A05-4503-82C3-465AE8515196}.Release|ARM.ActiveCfg = Release|ARM
		{C593D27C-9A05-4503-82C3-465AE8515196}.Release|ARM.Build.0 = Release|ARM
		{C593D27C-9A05-4503-82C3-465AE8515196}.Release|ARM.Deploy.0 = Release|ARM
		{C593D27C-9A05-4503-82C3-465AE8515196}.Release|ARM64.ActiveCfg = Release|ARM64
		{C593D27C-9A05-4503-82C3-465AE8515196}.Release|ARM64.Build.0 = Release|ARM64
		{C593D27C-9A05-4503-82C3-465AE8515196}.Release|ARM64.Deploy.0 = Release|ARM64
		{C593D27C-9A05-4503-82C3-465AE8515196}.Release|x64.ActiveCfg = Release|x64
		{C593D27C-9A05-4503-82C3-465AE8515196}.Release|x64.Build.0 = Release|x64
		{C593D27C-9A05-4503-82C3-465AE8515196}.Release|x64.Deploy.0 = Release|x64
		{C593D27C-9A05-4503-82C3-465AE8515196}.Release|x86.ActiveCfg = Release|x86
		{C593D27C-9A05-4503-82C3-465AE8515196}.Release|x86.Build.0 = Release|x86
		{C593D27C-9A05-4503-82C3-465AE8515196}.Release|x86.Deploy.0 = Release|x86
		{0061A837-7FC6-47C9-BFBD-0DA6BE26BB55}.Debug|Any CPU.ActiveCfg = Debug|Any CPU
		{0061A837-7FC6-47C9-BFBD-0DA6BE26BB55}.Debug|Any CPU.Build.0 = Debug|Any CPU
		{0061A837-7FC6-47C9-BFBD-0DA6BE26BB55}.Debug|ARM.ActiveCfg = Debug|Any CPU
		{0061A837-7FC6-47C9-BFBD-0DA6BE26BB55}.Debug|ARM.Build.0 = Debug|Any CPU
		{0061A837-7FC6-47C9-BFBD-0DA6BE26BB55}.Debug|ARM64.ActiveCfg = Debug|Any CPU
		{0061A837-7FC6-47C9-BFBD-0DA6BE26BB55}.Debug|ARM64.Build.0 = Debug|Any CPU
		{0061A837-7FC6-47C9-BFBD-0DA6BE26BB55}.Debug|x64.ActiveCfg = Debug|Any CPU
		{0061A837-7FC6-47C9-BFBD-0DA6BE26BB55}.Debug|x64.Build.0 = Debug|Any CPU
		{0061A837-7FC6-47C9-BFBD-0DA6BE26BB55}.Debug|x86.ActiveCfg = Debug|Any CPU
		{0061A837-7FC6-47C9-BFBD-0DA6BE26BB55}.Debug|x86.Build.0 = Debug|Any CPU
		{0061A837-7FC6-47C9-BFBD-0DA6BE26BB55}.Release|Any CPU.ActiveCfg = Release|Any CPU
		{0061A837-7FC6-47C9-BFBD-0DA6BE26BB55}.Release|Any CPU.Build.0 = Release|Any CPU
		{0061A837-7FC6-47C9-BFBD-0DA6BE26BB55}.Release|ARM.ActiveCfg = Release|Any CPU
		{0061A837-7FC6-47C9-BFBD-0DA6BE26BB55}.Release|ARM.Build.0 = Release|Any CPU
		{0061A837-7FC6-47C9-BFBD-0DA6BE26BB55}.Release|ARM64.ActiveCfg = Release|Any CPU
		{0061A837-7FC6-47C9-BFBD-0DA6BE26BB55}.Release|ARM64.Build.0 = Release|Any CPU
		{0061A837-7FC6-47C9-BFBD-0DA6BE26BB55}.Release|x64.ActiveCfg = Release|Any CPU
		{0061A837-7FC6-47C9-BFBD-0DA6BE26BB55}.Release|x64.Build.0 = Release|Any CPU
		{0061A837-7FC6-47C9-BFBD-0DA6BE26BB55}.Release|x86.ActiveCfg = Release|Any CPU
		{0061A837-7FC6-47C9-BFBD-0DA6BE26BB55}.Release|x86.Build.0 = Release|Any CPU
		{63991618-8837-4AC0-8190-54E371271F0A}.Debug|Any CPU.ActiveCfg = Debug|Any CPU
		{63991618-8837-4AC0-8190-54E371271F0A}.Debug|Any CPU.Build.0 = Debug|Any CPU
		{63991618-8837-4AC0-8190-54E371271F0A}.Debug|ARM.ActiveCfg = Debug|Any CPU
		{63991618-8837-4AC0-8190-54E371271F0A}.Debug|ARM.Build.0 = Debug|Any CPU
		{63991618-8837-4AC0-8190-54E371271F0A}.Debug|ARM64.ActiveCfg = Debug|Any CPU
		{63991618-8837-4AC0-8190-54E371271F0A}.Debug|ARM64.Build.0 = Debug|Any CPU
		{63991618-8837-4AC0-8190-54E371271F0A}.Debug|x64.ActiveCfg = Debug|Any CPU
		{63991618-8837-4AC0-8190-54E371271F0A}.Debug|x64.Build.0 = Debug|Any CPU
		{63991618-8837-4AC0-8190-54E371271F0A}.Debug|x86.ActiveCfg = Debug|Any CPU
		{63991618-8837-4AC0-8190-54E371271F0A}.Debug|x86.Build.0 = Debug|Any CPU
		{63991618-8837-4AC0-8190-54E371271F0A}.Release|Any CPU.ActiveCfg = Release|Any CPU
		{63991618-8837-4AC0-8190-54E371271F0A}.Release|Any CPU.Build.0 = Release|Any CPU
		{63991618-8837-4AC0-8190-54E371271F0A}.Release|ARM.ActiveCfg = Release|Any CPU
		{63991618-8837-4AC0-8190-54E371271F0A}.Release|ARM.Build.0 = Release|Any CPU
		{63991618-8837-4AC0-8190-54E371271F0A}.Release|ARM64.ActiveCfg = Release|Any CPU
		{63991618-8837-4AC0-8190-54E371271F0A}.Release|ARM64.Build.0 = Release|Any CPU
		{63991618-8837-4AC0-8190-54E371271F0A}.Release|x64.ActiveCfg = Release|Any CPU
		{63991618-8837-4AC0-8190-54E371271F0A}.Release|x64.Build.0 = Release|Any CPU
		{63991618-8837-4AC0-8190-54E371271F0A}.Release|x86.ActiveCfg = Release|Any CPU
		{63991618-8837-4AC0-8190-54E371271F0A}.Release|x86.Build.0 = Release|Any CPU
	EndGlobalSection
	GlobalSection(SolutionProperties) = preSolution
		HideSolutionNode = FALSE
	EndGlobalSection
	GlobalSection(ExtensibilityGlobals) = postSolution
		SolutionGuid = {FA42AC30-3215-42B3-BFA0-A8183C97327A}
	EndGlobalSection
EndGlobal
